
Microsoft Visual Studio Solution File, Format Version 12.00
# Visual Studio Version 16
VisualStudioVersion = 16.0.30523.141
MinimumVisualStudioVersion = 10.0.40219.1
Project("{FAE04EC0-301F-11D3-BF4B-00C04F79EFBC}") = "VersionTolerantSerialization", "VersionTolerantSerialization\VersionTolerantSerialization.csproj", "{C2ECEE38-7824-499A-ADA5-EEB4A949F538}"
EndProject
Global
	GlobalSection(SolutionConfigurationPlatforms) = preSolution
		Debug|Any CPU = Debug|Any CPU
		Release|Any CPU = Release|Any CPU
	EndGlobalSection
	GlobalSection(ProjectConfigurationPlatforms) = postSolution
		{C2ECEE38-7824-499A-ADA5-EEB4A949F538}.Debug|Any CPU.ActiveCfg = Debug|Any CPU
		{C2ECEE38-7824-499A-ADA5-EEB4A949F538}.Debug|Any CPU.Build.0 = Debug|Any CPU
		{C2ECEE38-7824-499A-ADA5-EEB4A949F538}.Release|Any CPU.ActiveCfg = Release|Any CPU
		{C2ECEE38-7824-499A-ADA5-EEB4A949F538}.Release|Any CPU.Build.0 = Release|Any CPU
	EndGlobalSection
	GlobalSection(SolutionProperties) = preSolution
		HideSolutionNode = FALSE
	EndGlobalSection
	GlobalSection(ExtensibilityGlobals) = postSolution
		SolutionGuid = {02213C61-7ADF-408F-B53C-4DD0DE536A88}
	EndGlobalSection
EndGlobal
